// !$*UTF8*$!
{
	archiveVersion = 1;
	classes = {
	};
	objectVersion = 46;
	objects = {

/* Begin PBXBuildFile section */
		5DDA83D9EB956D6C59187374 /* Pods_iOSSandbox.framework in Frameworks */ = {isa = PBXBuildFile; fileRef = 5B668885D725A614D15155FD /* Pods_iOSSandbox.framework */; };
		88DD9EB41DD335F6001BD5BE /* AppDelegate.swift in Sources */ = {isa = PBXBuildFile; fileRef = 88DD9EB31DD335F6001BD5BE /* AppDelegate.swift */; };
		88DD9EB61DD335F6001BD5BE /* ViewController.swift in Sources */ = {isa = PBXBuildFile; fileRef = 88DD9EB51DD335F6001BD5BE /* ViewController.swift */; };
		88DD9EB91DD335F6001BD5BE /* Main.storyboard in Resources */ = {isa = PBXBuildFile; fileRef = 88DD9EB71DD335F6001BD5BE /* Main.storyboard */; };
		88DD9EBB1DD335F6001BD5BE /* Assets.xcassets in Resources */ = {isa = PBXBuildFile; fileRef = 88DD9EBA1DD335F6001BD5BE /* Assets.xcassets */; };
		88DD9EBE1DD335F6001BD5BE /* LaunchScreen.storyboard in Resources */ = {isa = PBXBuildFile; fileRef = 88DD9EBC1DD335F6001BD5BE /* LaunchScreen.storyboard */; };
		88DD9EC91DD335F6001BD5BE /* iOSSandboxTests.swift in Sources */ = {isa = PBXBuildFile; fileRef = 88DD9EC81DD335F6001BD5BE /* iOSSandboxTests.swift */; };
		88DD9ED41DD33735001BD5BE /* Foo.swift in Sources */ = {isa = PBXBuildFile; fileRef = 88DD9ED31DD33735001BD5BE /* Foo.swift */; };
		88DD9ED61DD337EB001BD5BE /* Bar.swift in Sources */ = {isa = PBXBuildFile; fileRef = 88DD9ED51DD337EB001BD5BE /* Bar.swift */; };
		88DD9ED81DD33822001BD5BE /* Thing.swift in Sources */ = {isa = PBXBuildFile; fileRef = 88DD9ED71DD33822001BD5BE /* Thing.swift */; };
		905499ABE328542B7C1E8932 /* Pods_iOSSandboxTests.framework in Frameworks */ = {isa = PBXBuildFile; fileRef = 594E3327CE88F2290EA7B404 /* Pods_iOSSandboxTests.framework */; };
/* End PBXBuildFile section */

/* Begin PBXContainerItemProxy section */
		88DD9EC51DD335F6001BD5BE /* PBXContainerItemProxy */ = {
			isa = PBXContainerItemProxy;
			containerPortal = 88DD9EA81DD335F6001BD5BE /* Project object */;
			proxyType = 1;
			remoteGlobalIDString = 88DD9EAF1DD335F6001BD5BE;
			remoteInfo = iOSSandbox;
		};
/* End PBXContainerItemProxy section */

/* Begin PBXFileReference section */
		028A9C1B9645DF311BC46547 /* Pods-iOSSandboxTests.release.xcconfig */ = {isa = PBXFileReference; includeInIndex = 1; lastKnownFileType = text.xcconfig; name = "Pods-iOSSandboxTests.release.xcconfig"; path = "Pods/Target Support Files/Pods-iOSSandboxTests/Pods-iOSSandboxTests.release.xcconfig"; sourceTree = "<group>"; };
		1EEEBA85B529D41CEEB7B219 /* Pods-iOSSandboxTests.debug.xcconfig */ = {isa = PBXFileReference; includeInIndex = 1; lastKnownFileType = text.xcconfig; name = "Pods-iOSSandboxTests.debug.xcconfig"; path = "Pods/Target Support Files/Pods-iOSSandboxTests/Pods-iOSSandboxTests.debug.xcconfig"; sourceTree = "<group>"; };
		594E3327CE88F2290EA7B404 /* Pods_iOSSandboxTests.framework */ = {isa = PBXFileReference; explicitFileType = wrapper.framework; includeInIndex = 0; path = Pods_iOSSandboxTests.framework; sourceTree = BUILT_PRODUCTS_DIR; };
		5B668885D725A614D15155FD /* Pods_iOSSandbox.framework */ = {isa = PBXFileReference; explicitFileType = wrapper.framework; includeInIndex = 0; path = Pods_iOSSandbox.framework; sourceTree = BUILT_PRODUCTS_DIR; };
		881058B2AEEA0ADF4E2259E6 /* Pods-iOSSandbox.release.xcconfig */ = {isa = PBXFileReference; includeInIndex = 1; lastKnownFileType = text.xcconfig; name = "Pods-iOSSandbox.release.xcconfig"; path = "Pods/Target Support Files/Pods-iOSSandbox/Pods-iOSSandbox.release.xcconfig"; sourceTree = "<group>"; };
		88DD9EB01DD335F6001BD5BE /* iOSSandbox.app */ = {isa = PBXFileReference; explicitFileType = wrapper.application; includeInIndex = 0; path = iOSSandbox.app; sourceTree = BUILT_PRODUCTS_DIR; };
		88DD9EB31DD335F6001BD5BE /* AppDelegate.swift */ = {isa = PBXFileReference; lastKnownFileType = sourcecode.swift; path = AppDelegate.swift; sourceTree = "<group>"; };
		88DD9EB51DD335F6001BD5BE /* ViewController.swift */ = {isa = PBXFileReference; lastKnownFileType = sourcecode.swift; path = ViewController.swift; sourceTree = "<group>"; };
		88DD9EB81DD335F6001BD5BE /* Base */ = {isa = PBXFileReference; lastKnownFileType = file.storyboard; name = Base; path = Base.lproj/Main.storyboard; sourceTree = "<group>"; };
		88DD9EBA1DD335F6001BD5BE /* Assets.xcassets */ = {isa = PBXFileReference; lastKnownFileType = folder.assetcatalog; path = Assets.xcassets; sourceTree = "<group>"; };
		88DD9EBD1DD335F6001BD5BE /* Base */ = {isa = PBXFileReference; lastKnownFileType = file.storyboard; name = Base; path = Base.lproj/LaunchScreen.storyboard; sourceTree = "<group>"; };
		88DD9EBF1DD335F6001BD5BE /* Info.plist */ = {isa = PBXFileReference; lastKnownFileType = text.plist.xml; path = Info.plist; sourceTree = "<group>"; };
		88DD9EC41DD335F6001BD5BE /* iOSSandboxTests.xctest */ = {isa = PBXFileReference; explicitFileType = wrapper.cfbundle; includeInIndex = 0; path = iOSSandboxTests.xctest; sourceTree = BUILT_PRODUCTS_DIR; };
		88DD9EC81DD335F6001BD5BE /* iOSSandboxTests.swift */ = {isa = PBXFileReference; lastKnownFileType = sourcecode.swift; path = iOSSandboxTests.swift; sourceTree = "<group>"; };
		88DD9ECA1DD335F6001BD5BE /* Info.plist */ = {isa = PBXFileReference; lastKnownFileType = text.plist.xml; path = Info.plist; sourceTree = "<group>"; };
		88DD9ED31DD33735001BD5BE /* Foo.swift */ = {isa = PBXFileReference; fileEncoding = 4; lastKnownFileType = sourcecode.swift; path = Foo.swift; sourceTree = "<group>"; };
		88DD9ED51DD337EB001BD5BE /* Bar.swift */ = {isa = PBXFileReference; fileEncoding = 4; lastKnownFileType = sourcecode.swift; path = Bar.swift; sourceTree = "<group>"; };
		88DD9ED71DD33822001BD5BE /* Thing.swift */ = {isa = PBXFileReference; fileEncoding = 4; lastKnownFileType = sourcecode.swift; path = Thing.swift; sourceTree = "<group>"; };
		B7BBBEA663740F917C0DB274 /* Pods-iOSSandbox.debug.xcconfig */ = {isa = PBXFileReference; includeInIndex = 1; lastKnownFileType = text.xcconfig; name = "Pods-iOSSandbox.debug.xcconfig"; path = "Pods/Target Support Files/Pods-iOSSandbox/Pods-iOSSandbox.debug.xcconfig"; sourceTree = "<group>"; };
/* End PBXFileReference section */

/* Begin PBXFrameworksBuildPhase section */
		88DD9EAD1DD335F6001BD5BE /* Frameworks */ = {
			isa = PBXFrameworksBuildPhase;
			buildActionMask = 2147483647;
			files = (
				5DDA83D9EB956D6C59187374 /* Pods_iOSSandbox.framework in Frameworks */,
			);
			runOnlyForDeploymentPostprocessing = 0;
		};
		88DD9EC11DD335F6001BD5BE /* Frameworks */ = {
			isa = PBXFrameworksBuildPhase;
			buildActionMask = 2147483647;
			files = (
				905499ABE328542B7C1E8932 /* Pods_iOSSandboxTests.framework in Frameworks */,
			);
			runOnlyForDeploymentPostprocessing = 0;
		};
/* End PBXFrameworksBuildPhase section */

/* Begin PBXGroup section */
		11A7EB41F8D581B23500A5C4 /* Pods */ = {
			isa = PBXGroup;
			children = (
				B7BBBEA663740F917C0DB274 /* Pods-iOSSandbox.debug.xcconfig */,
				881058B2AEEA0ADF4E2259E6 /* Pods-iOSSandbox.release.xcconfig */,
				1EEEBA85B529D41CEEB7B219 /* Pods-iOSSandboxTests.debug.xcconfig */,
				028A9C1B9645DF311BC46547 /* Pods-iOSSandboxTests.release.xcconfig */,
			);
			name = Pods;
			sourceTree = "<group>";
		};
		88DD9EA71DD335F6001BD5BE = {
			isa = PBXGroup;
			children = (
				88DD9EB21DD335F6001BD5BE /* iOSSandbox */,
				88DD9EC71DD335F6001BD5BE /* iOSSandboxTests */,
				88DD9EB11DD335F6001BD5BE /* Products */,
				11A7EB41F8D581B23500A5C4 /* Pods */,
				B940CBF72214881363C1B379 /* Frameworks */,
			);
			sourceTree = "<group>";
		};
		88DD9EB11DD335F6001BD5BE /* Products */ = {
			isa = PBXGroup;
			children = (
				88DD9EB01DD335F6001BD5BE /* iOSSandbox.app */,
				88DD9EC41DD335F6001BD5BE /* iOSSandboxTests.xctest */,
			);
			name = Products;
			sourceTree = "<group>";
		};
		88DD9EB21DD335F6001BD5BE /* iOSSandbox */ = {
			isa = PBXGroup;
			children = (
				88DD9EB31DD335F6001BD5BE /* AppDelegate.swift */,
				88DD9EB51DD335F6001BD5BE /* ViewController.swift */,
				88DD9ED31DD33735001BD5BE /* Foo.swift */,
				88DD9ED51DD337EB001BD5BE /* Bar.swift */,
				88DD9ED71DD33822001BD5BE /* Thing.swift */,
				88DD9EB71DD335F6001BD5BE /* Main.storyboard */,
				88DD9EBA1DD335F6001BD5BE /* Assets.xcassets */,
				88DD9EBC1DD335F6001BD5BE /* LaunchScreen.storyboard */,
				88DD9EBF1DD335F6001BD5BE /* Info.plist */,
			);
			path = iOSSandbox;
			sourceTree = "<group>";
		};
		88DD9EC71DD335F6001BD5BE /* iOSSandboxTests */ = {
			isa = PBXGroup;
			children = (
				88DD9EC81DD335F6001BD5BE /* iOSSandboxTests.swift */,
				88DD9ECA1DD335F6001BD5BE /* Info.plist */,
			);
			path = iOSSandboxTests;
			sourceTree = "<group>";
		};
		B940CBF72214881363C1B379 /* Frameworks */ = {
			isa = PBXGroup;
			children = (
				5B668885D725A614D15155FD /* Pods_iOSSandbox.framework */,
				594E3327CE88F2290EA7B404 /* Pods_iOSSandboxTests.framework */,
			);
			name = Frameworks;
			sourceTree = "<group>";
		};
/* End PBXGroup section */

/* Begin PBXNativeTarget section */
		88DD9EAF1DD335F6001BD5BE /* iOSSandbox */ = {
			isa = PBXNativeTarget;
			buildConfigurationList = 88DD9ECD1DD335F6001BD5BE /* Build configuration list for PBXNativeTarget "iOSSandbox" */;
			buildPhases = (
				0B191410C27023E7FD467EDC /* [CP] Check Pods Manifest.lock */,
				88DD9EAC1DD335F6001BD5BE /* Sources */,
				88DD9EAD1DD335F6001BD5BE /* Frameworks */,
				88DD9EAE1DD335F6001BD5BE /* Resources */,
				EA9BDFDBB4292304239691CA /* [CP] Embed Pods Frameworks */,
				0382EEAB47920DBFD53A4218 /* [CP] Copy Pods Resources */,
			);
			buildRules = (
			);
			dependencies = (
			);
			name = iOSSandbox;
			productName = iOSSandbox;
			productReference = 88DD9EB01DD335F6001BD5BE /* iOSSandbox.app */;
			productType = "com.apple.product-type.application";
		};
		88DD9EC31DD335F6001BD5BE /* iOSSandboxTests */ = {
			isa = PBXNativeTarget;
			buildConfigurationList = 88DD9ED01DD335F6001BD5BE /* Build configuration list for PBXNativeTarget "iOSSandboxTests" */;
			buildPhases = (
				6F1E6ED789310F5A29A0B23F /* [CP] Check Pods Manifest.lock */,
				88DD9EC01DD335F6001BD5BE /* Sources */,
				88DD9EC11DD335F6001BD5BE /* Frameworks */,
				88DD9EC21DD335F6001BD5BE /* Resources */,
				6AB4D9FEC0133BC11EF7D60C /* [CP] Embed Pods Frameworks */,
				C62CDCCC87412DD1A292ED9A /* [CP] Copy Pods Resources */,
			);
			buildRules = (
			);
			dependencies = (
				88DD9EC61DD335F6001BD5BE /* PBXTargetDependency */,
			);
			name = iOSSandboxTests;
			productName = iOSSandboxTests;
			productReference = 88DD9EC41DD335F6001BD5BE /* iOSSandboxTests.xctest */;
			productType = "com.apple.product-type.bundle.unit-test";
		};
/* End PBXNativeTarget section */

/* Begin PBXProject section */
		88DD9EA81DD335F6001BD5BE /* Project object */ = {
			isa = PBXProject;
			attributes = {
				LastSwiftUpdateCheck = 0800;
				LastUpgradeCheck = 0800;
				ORGANIZATIONNAME = solidcell;
				TargetAttributes = {
					88DD9EAF1DD335F6001BD5BE = {
						CreatedOnToolsVersion = 8.0;
						ProvisioningStyle = Automatic;
					};
					88DD9EC31DD335F6001BD5BE = {
						CreatedOnToolsVersion = 8.0;
						ProvisioningStyle = Automatic;
						TestTargetID = 88DD9EAF1DD335F6001BD5BE;
					};
				};
			};
			buildConfigurationList = 88DD9EAB1DD335F6001BD5BE /* Build configuration list for PBXProject "iOSSandbox" */;
			compatibilityVersion = "Xcode 3.2";
			developmentRegion = English;
			hasScannedForEncodings = 0;
			knownRegions = (
				en,
				Base,
			);
			mainGroup = 88DD9EA71DD335F6001BD5BE;
			productRefGroup = 88DD9EB11DD335F6001BD5BE /* Products */;
			projectDirPath = "";
			projectRoot = "";
			targets = (
				88DD9EAF1DD335F6001BD5BE /* iOSSandbox */,
				88DD9EC31DD335F6001BD5BE /* iOSSandboxTests */,
			);
		};
/* End PBXProject section */

/* Begin PBXResourcesBuildPhase section */
		88DD9EAE1DD335F6001BD5BE /* Resources */ = {
			isa = PBXResourcesBuildPhase;
			buildActionMask = 2147483647;
			files = (
				88DD9EBE1DD335F6001BD5BE /* LaunchScreen.storyboard in Resources */,
				88DD9EBB1DD335F6001BD5BE /* Assets.xcassets in Resources */,
				88DD9EB91DD335F6001BD5BE /* Main.storyboard in Resources */,
			);
			runOnlyForDeploymentPostprocessing = 0;
		};
		88DD9EC21DD335F6001BD5BE /* Resources */ = {
			isa = PBXResourcesBuildPhase;
			buildActionMask = 2147483647;
			files = (
			);
			runOnlyForDeploymentPostprocessing = 0;
		};
/* End PBXResourcesBuildPhase section */

/* Begin PBXShellScriptBuildPhase section */
		0382EEAB47920DBFD53A4218 /* [CP] Copy Pods Resources */ = {
			isa = PBXShellScriptBuildPhase;
			buildActionMask = 2147483647;
			files = (
			);
			inputPaths = (
			);
			name = "[CP] Copy Pods Resources";
			outputPaths = (
			);
			runOnlyForDeploymentPostprocessing = 0;
			shellPath = /bin/sh;
			shellScript = "\"${SRCROOT}/Pods/Target Support Files/Pods-iOSSandbox/Pods-iOSSandbox-resources.sh\"\n";
			showEnvVarsInLog = 0;
		};
		0B191410C27023E7FD467EDC /* [CP] Check Pods Manifest.lock */ = {
			isa = PBXShellScriptBuildPhase;
			buildActionMask = 2147483647;
			files = (
			);
			inputPaths = (
			);
			name = "[CP] Check Pods Manifest.lock";
			outputPaths = (
			);
			runOnlyForDeploymentPostprocessing = 0;
			shellPath = /bin/sh;
			shellScript = "diff \"${PODS_ROOT}/../Podfile.lock\" \"${PODS_ROOT}/Manifest.lock\" > /dev/null\nif [ $? != 0 ] ; then\n    # print error to STDERR\n    echo \"error: The sandbox is not in sync with the Podfile.lock. Run 'pod install' or update your CocoaPods installation.\" >&2\n    exit 1\nfi\n";
			showEnvVarsInLog = 0;
		};
		6AB4D9FEC0133BC11EF7D60C /* [CP] Embed Pods Frameworks */ = {
			isa = PBXShellScriptBuildPhase;
			buildActionMask = 2147483647;
			files = (
			);
			inputPaths = (
			);
			name = "[CP] Embed Pods Frameworks";
			outputPaths = (
			);
			runOnlyForDeploymentPostprocessing = 0;
			shellPath = /bin/sh;
			shellScript = "\"${SRCROOT}/Pods/Target Support Files/Pods-iOSSandboxTests/Pods-iOSSandboxTests-frameworks.sh\"\n";
			showEnvVarsInLog = 0;
		};
		6F1E6ED789310F5A29A0B23F /* [CP] Check Pods Manifest.lock */ = {
			isa = PBXShellScriptBuildPhase;
			buildActionMask = 2147483647;
			files = (
			);
			inputPaths = (
			);
			name = "[CP] Check Pods Manifest.lock";
			outputPaths = (
			);
			runOnlyForDeploymentPostprocessing = 0;
			shellPath = /bin/sh;
			shellScript = "diff \"${PODS_ROOT}/../Podfile.lock\" \"${PODS_ROOT}/Manifest.lock\" > /dev/null\nif [ $? != 0 ] ; then\n    # print error to STDERR\n    echo \"error: The sandbox is not in sync with the Podfile.lock. Run 'pod install' or update your CocoaPods installation.\" >&2\n    exit 1\nfi\n";
			showEnvVarsInLog = 0;
		};
		C62CDCCC87412DD1A292ED9A /* [CP] Copy Pods Resources */ = {
			isa = PBXShellScriptBuildPhase;
			buildActionMask = 2147483647;
			files = (
			);
			inputPaths = (
			);
			name = "[CP] Copy Pods Resources";
			outputPaths = (
			);
			runOnlyForDeploymentPostprocessing = 0;
			shellPath = /bin/sh;
			shellScript = "\"${SRCROOT}/Pods/Target Support Files/Pods-iOSSandboxTests/Pods-iOSSandboxTests-resources.sh\"\n";
			showEnvVarsInLog = 0;
		};
		EA9BDFDBB4292304239691CA /* [CP] Embed Pods Frameworks */ = {
			isa = PBXShellScriptBuildPhase;
			buildActionMask = 2147483647;
			files = (
			);
			inputPaths = (
			);
			name = "[CP] Embed Pods Frameworks";
			outputPaths = (
			);
			runOnlyForDeploymentPostprocessing = 0;
			shellPath = /bin/sh;
			shellScript = "\"${SRCROOT}/Pods/Target Support Files/Pods-iOSSandbox/Pods-iOSSandbox-frameworks.sh\"\n";
			showEnvVarsInLog = 0;
		};
/* End PBXShellScriptBuildPhase section */

/* Begin PBXSourcesBuildPhase section */
		88DD9EAC1DD335F6001BD5BE /* Sources */ = {
			isa = PBXSourcesBuildPhase;
			buildActionMask = 2147483647;
			files = (
				88DD9EB61DD335F6001BD5BE /* ViewController.swift in Sources */,
				88DD9ED61DD337EB001BD5BE /* Bar.swift in Sources */,
				88DD9ED41DD33735001BD5BE /* Foo.swift in Sources */,
				88DD9ED81DD33822001BD5BE /* Thing.swift in Sources */,
				88DD9EB41DD335F6001BD5BE /* AppDelegate.swift in Sources */,
			);
			runOnlyForDeploymentPostprocessing = 0;
		};
		88DD9EC01DD335F6001BD5BE /* Sources */ = {
			isa = PBXSourcesBuildPhase;
			buildActionMask = 2147483647;
			files = (
				88DD9EC91DD335F6001BD5BE /* iOSSandboxTests.swift in Sources */,
			);
			runOnlyForDeploymentPostprocessing = 0;
		};
/* End PBXSourcesBuildPhase section */

/* Begin PBXTargetDependency section */
		88DD9EC61DD335F6001BD5BE /* PBXTargetDependency */ = {
			isa = PBXTargetDependency;
			target = 88DD9EAF1DD335F6001BD5BE /* iOSSandbox */;
			targetProxy = 88DD9EC51DD335F6001BD5BE /* PBXContainerItemProxy */;
		};
/* End PBXTargetDependency section */

/* Begin PBXVariantGroup section */
		88DD9EB71DD335F6001BD5BE /* Main.storyboard */ = {
			isa = PBXVariantGroup;
			children = (
				88DD9EB81DD335F6001BD5BE /* Base */,
			);
			name = Main.storyboard;
			sourceTree = "<group>";
		};
		88DD9EBC1DD335F6001BD5BE /* LaunchScreen.storyboard */ = {
			isa = PBXVariantGroup;
			children = (
				88DD9EBD1DD335F6001BD5BE /* Base */,
			);
			name = LaunchScreen.storyboard;
			sourceTree = "<group>";
		};
/* End PBXVariantGroup section */

/* Begin XCBuildConfiguration section */
		88DD9ECB1DD335F6001BD5BE /* Debug */ = {
			isa = XCBuildConfiguration;
			buildSettings = {
				ALWAYS_SEARCH_USER_PATHS = NO;
				CLANG_ANALYZER_NONNULL = YES;
				CLANG_CXX_LANGUAGE_STANDARD = "gnu++0x";
				CLANG_CXX_LIBRARY = "libc++";
				CLANG_ENABLE_MODULES = YES;
				CLANG_ENABLE_OBJC_ARC = YES;
				CLANG_WARN_BOOL_CONVERSION = YES;
				CLANG_WARN_CONSTANT_CONVERSION = YES;
				CLANG_WARN_DIRECT_OBJC_ISA_USAGE = YES_ERROR;
				CLANG_WARN_DOCUMENTATION_COMMENTS = YES;
				CLANG_WARN_EMPTY_BODY = YES;
				CLANG_WARN_ENUM_CONVERSION = YES;
				CLANG_WARN_INFINITE_RECURSION = YES;
				CLANG_WARN_INT_CONVERSION = YES;
				CLANG_WARN_OBJC_ROOT_CLASS = YES_ERROR;
				CLANG_WARN_SUSPICIOUS_MOVES = YES;
				CLANG_WARN_UNREACHABLE_CODE = YES;
				CLANG_WARN__DUPLICATE_METHOD_MATCH = YES;
				"CODE_SIGN_IDENTITY[sdk=iphoneos*]" = "iPhone Developer";
				COPY_PHASE_STRIP = NO;
				DEBUG_INFORMATION_FORMAT = dwarf;
				ENABLE_STRICT_OBJC_MSGSEND = YES;
				ENABLE_TESTABILITY = YES;
				GCC_C_LANGUAGE_STANDARD = gnu99;
				GCC_DYNAMIC_NO_PIC = NO;
				GCC_NO_COMMON_BLOCKS = YES;
				GCC_OPTIMIZATION_LEVEL = 0;
				GCC_PREPROCESSOR_DEFINITIONS = (
					"DEBUG=1",
					"$(inherited)",
				);
				GCC_WARN_64_TO_32_BIT_CONVERSION = YES;
				GCC_WARN_ABOUT_RETURN_TYPE = YES_ERROR;
				GCC_WARN_UNDECLARED_SELECTOR = YES;
				GCC_WARN_UNINITIALIZED_AUTOS = YES_AGGRESSIVE;
				GCC_WARN_UNUSED_FUNCTION = YES;
				GCC_WARN_UNUSED_VARIABLE = YES;
				IPHONEOS_DEPLOYMENT_TARGET = 10.0;
				MTL_ENABLE_DEBUG_INFO = YES;
				ONLY_ACTIVE_ARCH = YES;
				SDKROOT = iphoneos;
				SWIFT_ACTIVE_COMPILATION_CONDITIONS = DEBUG;
				SWIFT_OPTIMIZATION_LEVEL = "-Onone";
			};
			name = Debug;
		};
		88DD9ECC1DD335F6001BD5BE /* Release */ = {
			isa = XCBuildConfiguration;
			buildSettings = {
				ALWAYS_SEARCH_USER_PATHS = NO;
				CLANG_ANALYZER_NONNULL = YES;
				CLANG_CXX_LANGUAGE_STANDARD = "gnu++0x";
				CLANG_CXX_LIBRARY = "libc++";
				CLANG_ENABLE_MODULES = YES;
				CLANG_ENABLE_OBJC_ARC = YES;
				CLANG_WARN_BOOL_CONVERSION = YES;
				CLANG_WARN_CONSTANT_CONVERSION = YES;
				CLANG_WARN_DIRECT_OBJC_ISA_USAGE = YES_ERROR;
				CLANG_WARN_DOCUMENTATION_COMMENTS = YES;
				CLANG_WARN_EMPTY_BODY = YES;
				CLANG_WARN_ENUM_CONVERSION = YES;
				CLANG_WARN_INFINITE_RECURSION = YES;
				CLANG_WARN_INT_CONVERSION = YES;
				CLANG_WARN_OBJC_ROOT_CLASS = YES_ERROR;
				CLANG_WARN_SUSPICIOUS_MOVES = YES;
				CLANG_WARN_UNREACHABLE_CODE = YES;
				CLANG_WARN__DUPLICATE_METHOD_MATCH = YES;
				"CODE_SIGN_IDENTITY[sdk=iphoneos*]" = "iPhone Developer";
				COPY_PHASE_STRIP = NO;
				DEBUG_INFORMATION_FORMAT = "dwarf-with-dsym";
				ENABLE_NS_ASSERTIONS = NO;
				ENABLE_STRICT_OBJC_MSGSEND = YES;
				GCC_C_LANGUAGE_STANDARD = gnu99;
				GCC_NO_COMMON_BLOCKS = YES;
				GCC_WARN_64_TO_32_BIT_CONVERSION = YES;
				GCC_WARN_ABOUT_RETURN_TYPE = YES_ERROR;
				GCC_WARN_UNDECLARED_SELECTOR = YES;
				GCC_WARN_UNINITIALIZED_AUTOS = YES_AGGRESSIVE;
				GCC_WARN_UNUSED_FUNCTION = YES;
				GCC_WARN_UNUSED_VARIABLE = YES;
				IPHONEOS_DEPLOYMENT_TARGET = 10.0;
				MTL_ENABLE_DEBUG_INFO = NO;
				SDKROOT = iphoneos;
				SWIFT_OPTIMIZATION_LEVEL = "-Owholemodule";
				VALIDATE_PRODUCT = YES;
			};
			name = Release;
		};
		88DD9ECE1DD335F6001BD5BE /* Debug */ = {
			isa = XCBuildConfiguration;
			baseConfigurationReference = B7BBBEA663740F917C0DB274 /* Pods-iOSSandbox.debug.xcconfig */;
			buildSettings = {
				ASSETCATALOG_COMPILER_APPICON_NAME = AppIcon;
				INFOPLIST_FILE = iOSSandbox/Info.plist;
				IPHONEOS_DEPLOYMENT_TARGET = 9.3;
				LD_RUNPATH_SEARCH_PATHS = "$(inherited) @executable_path/Frameworks";
				PRODUCT_BUNDLE_IDENTIFIER = com.solidcell.iOSSandbox;
				PRODUCT_NAME = "$(TARGET_NAME)";
				SWIFT_VERSION = 3.0;
			};
			name = Debug;
		};
		88DD9ECF1DD335F6001BD5BE /* Release */ = {
			isa = XCBuildConfiguration;
			baseConfigurationReference = 881058B2AEEA0ADF4E2259E6 /* Pods-iOSSandbox.release.xcconfig */;
			buildSettings = {
				ASSETCATALOG_COMPILER_APPICON_NAME = AppIcon;
				INFOPLIST_FILE = iOSSandbox/Info.plist;
				IPHONEOS_DEPLOYMENT_TARGET = 9.3;
				LD_RUNPATH_SEARCH_PATHS = "$(inherited) @executable_path/Frameworks";
				PRODUCT_BUNDLE_IDENTIFIER = com.solidcell.iOSSandbox;
				PRODUCT_NAME = "$(TARGET_NAME)";
				SWIFT_VERSION = 3.0;
			};
			name = Release;
		};
		88DD9ED11DD335F6001BD5BE /* Debug */ = {
			isa = XCBuildConfiguration;
			baseConfigurationReference = 1EEEBA85B529D41CEEB7B219 /* Pods-iOSSandboxTests.debug.xcconfig */;
			buildSettings = {
				ALWAYS_EMBED_SWIFT_STANDARD_LIBRARIES = YES;
				BUNDLE_LOADER = "$(TEST_HOST)";
				INFOPLIST_FILE = iOSSandboxTests/Info.plist;
				LD_RUNPATH_SEARCH_PATHS = "$(inherited) @executable_path/Frameworks @loader_path/Frameworks";
				PRODUCT_BUNDLE_IDENTIFIER = com.solidcell.iOSSandboxTests;
				PRODUCT_NAME = "$(TARGET_NAME)";
				SWIFT_VERSION = 3.0;
				TEST_HOST = "$(BUILT_PRODUCTS_DIR)/iOSSandbox.app/iOSSandbox";
			};
			name = Debug;
		};
		88DD9ED21DD335F6001BD5BE /* Release */ = {
			isa = XCBuildConfiguration;
			baseConfigurationReference = 028A9C1B9645DF311BC46547 /* Pods-iOSSandboxTests.release.xcconfig */;
			buildSettings = {
				ALWAYS_EMBED_SWIFT_STANDARD_LIBRARIES = YES;
				BUNDLE_LOADER = "$(TEST_HOST)";
				INFOPLIST_FILE = iOSSandboxTests/Info.plist;
				LD_RUNPATH_SEARCH_PATHS = "$(inherited) @executable_path/Frameworks @loader_path/Frameworks";
				PRODUCT_BUNDLE_IDENTIFIER = com.solidcell.iOSSandboxTests;
				PRODUCT_NAME = "$(TARGET_NAME)";
				SWIFT_VERSION = 3.0;
				TEST_HOST = "$(BUILT_PRODUCTS_DIR)/iOSSandbox.app/iOSSandbox";
			};
			name = Release;
		};
/* End XCBuildConfiguration section */

/* Begin XCConfigurationList section */
		88DD9EAB1DD335F6001BD5BE /* Build configuration list for PBXProject "iOSSandbox" */ = {
			isa = XCConfigurationList;
			buildConfigurations = (
				88DD9ECB1DD335F6001BD5BE /* Debug */,
				88DD9ECC1DD335F6001BD5BE /* Release */,
			);
			defaultConfigurationIsVisible = 0;
			defaultConfigurationName = Release;
		};
		88DD9ECD1DD335F6001BD5BE /* Build configuration list for PBXNativeTarget "iOSSandbox" */ = {
			isa = XCConfigurationList;
			buildConfigurations = (
				88DD9ECE1DD335F6001BD5BE /* Debug */,
				88DD9ECF1DD335F6001BD5BE /* Release */,
			);
			defaultConfigurationIsVisible = 0;
			defaultConfigurationName = Release;
		};
		88DD9ED01DD335F6001BD5BE /* Build configuration list for PBXNativeTarget "iOSSandboxTests" */ = {
			isa = XCConfigurationList;
			buildConfigurations = (
				88DD9ED11DD335F6001BD5BE /* Debug */,
				88DD9ED21DD335F6001BD5BE /* Release */,
			);
			defaultConfigurationIsVisible = 0;
			defaultConfigurationName = Release;
		};
/* End XCConfigurationList section */
	};
	rootObject = 88DD9EA81DD335F6001BD5BE /* Project object */;
}
